
Microsoft Visual Studio Solution File, Format Version 12.00
# Visual Studio Version 16
VisualStudioVersion = 25.0.1703.4
MinimumVisualStudioVersion = 10.0.40219.1
Project("{FAE04EC0-301F-11D3-BF4B-00C04F79EFBC}") = "Fall2022-Conditionals", "Fall2022-Conditionals\Fall2022-Conditionals.csproj", "{037899FB-8E1B-41C4-ADA2-5735F4D3D3E1}"
EndProject
Global
	GlobalSection(SolutionConfigurationPlatforms) = preSolution
		Debug|Any CPU = Debug|Any CPU
		Release|Any CPU = Release|Any CPU
	EndGlobalSection
	GlobalSection(ProjectConfigurationPlatforms) = postSolution
		{037899FB-8E1B-41C4-ADA2-5735F4D3D3E1}.Debug|Any CPU.ActiveCfg = Debug|Any CPU
		{037899FB-8E1B-41C4-ADA2-5735F4D3D3E1}.Debug|Any CPU.Build.0 = Debug|Any CPU
		{037899FB-8E1B-41C4-ADA2-5735F4D3D3E1}.Release|Any CPU.ActiveCfg = Release|Any CPU
		{037899FB-8E1B-41C4-ADA2-5735F4D3D3E1}.Release|Any CPU.Build.0 = Release|Any CPU
	EndGlobalSection
	GlobalSection(SolutionProperties) = preSolution
		HideSolutionNode = FALSE
	EndGlobalSection
	GlobalSection(ExtensibilityGlobals) = postSolution
		SolutionGuid = {37472BB1-BE8D-481E-B3FD-5B1231CD51DC}
	EndGlobalSection
EndGlobal
